
Microsoft Visual Studio Solution File, Format Version 12.00
# Visual Studio 15
VisualStudioVersion = 15.0.27130.2027
MinimumVisualStudioVersion = 10.0.40219.1
Project("{FAE04EC0-301F-11D3-BF4B-00C04F79EFBC}") = "ValidateUniqueCode", "ValidateUniqueCode\ValidateUniqueCode.csproj", "{34EB0B0C-B9E9-4632-8914-DD8BE698DA1B}"
EndProject
Global
	GlobalSection(SolutionConfigurationPlatforms) = preSolution
		Debug|Any CPU = Debug|Any CPU
		Release|Any CPU = Release|Any CPU
	EndGlobalSection
	GlobalSection(ProjectConfigurationPlatforms) = postSolution
		{34EB0B0C-B9E9-4632-8914-DD8BE698DA1B}.Debug|Any CPU.ActiveCfg = Debug|Any CPU
		{34EB0B0C-B9E9-4632-8914-DD8BE698DA1B}.Debug|Any CPU.Build.0 = Debug|Any CPU
		{34EB0B0C-B9E9-4632-8914-DD8BE698DA1B}.Release|Any CPU.ActiveCfg = Release|Any CPU
		{34EB0B0C-B9E9-4632-8914-DD8BE698DA1B}.Release|Any CPU.Build.0 = Release|Any CPU
	EndGlobalSection
	GlobalSection(SolutionProperties) = preSolution
		HideSolutionNode = FALSE
	EndGlobalSection
	GlobalSection(ExtensibilityGlobals) = postSolution
		SolutionGuid = {EBAB065F-5625-4B0C-A76A-BA8C20D26817}
	EndGlobalSection
EndGlobal
